
Microsoft Visual Studio Solution File, Format Version 12.00
# Visual Studio Version 17
VisualStudioVersion = 17.1.32210.238
MinimumVisualStudioVersion = 10.0.40219.1
Project("{FAE04EC0-301F-11D3-BF4B-00C04F79EFBC}") = "uppgift2", "uppgift2\uppgift2.csproj", "{65A101A2-B088-4CFC-BD07-0F30616955F4}"
EndProject
Global
	GlobalSection(SolutionConfigurationPlatforms) = preSolution
		Debug|Any CPU = Debug|Any CPU
		Release|Any CPU = Release|Any CPU
	EndGlobalSection
	GlobalSection(ProjectConfigurationPlatforms) = postSolution
		{65A101A2-B088-4CFC-BD07-0F30616955F4}.Debug|Any CPU.ActiveCfg = Debug|Any CPU
		{65A101A2-B088-4CFC-BD07-0F30616955F4}.Debug|Any CPU.Build.0 = Debug|Any CPU
		{65A101A2-B088-4CFC-BD07-0F30616955F4}.Release|Any CPU.ActiveCfg = Release|Any CPU
		{65A101A2-B088-4CFC-BD07-0F30616955F4}.Release|Any CPU.Build.0 = Release|Any CPU
	EndGlobalSection
	GlobalSection(SolutionProperties) = preSolution
		HideSolutionNode = FALSE
	EndGlobalSection
	GlobalSection(ExtensibilityGlobals) = postSolution
		SolutionGuid = {B44B87A9-5D7A-4093-BC5C-02F2F4E6EFE4}
	EndGlobalSection
EndGlobal
